{
  "name": "身份证",
  "lockfileVersion": 3,
  "requires": true,
  "packages": {
    "": {
      "dependencies": {
        "idcard": "^4.1.1"
      }
    },
    "node_modules/idcard": {
      "version": "4.1.1",
      "resolved": "https://registry.npmmirror.com/idcard/-/idcard-4.1.1.tgz",
      "integrity": "sha512-IfuWI1bI/IohizSggg8xxXdJ3qID2yW6eUlHf3XEmB0+iBEab8BQky9lU2UVLv7BjmDxYbA8kjXTR3G3l8yj5g=="
    }
  }
}
